dependencies:
- name: postgresql
  repository: https://kubernetes-charts.storage.googleapis.com/
  version: 2.7.6
- name: redis
  repository: https://kubernetes-charts.storage.googleapis.com/
  version: 10.5.3
digest: sha256:e717fe731ab4f85eced3e72e7fdc412eb693bc55960459dee91b531d602c6014
generated: "2020-02-24T00:17:14.159077499+01:00"
